
Microsoft Visual Studio Solution File, Format Version 12.00
# Visual Studio Version 16
VisualStudioVersion = 16.0.32126.315
MinimumVisualStudioVersion = 10.0.40219.1
Project("{FAE04EC0-301F-11D3-BF4B-00C04F79EFBC}") = "ExercicioFixacaoHerancaPolimorfismo", "ExercicioFixacaoHerancaPolimorfismo.csproj", "{218B9920-B5C8-4665-A552-C9C0DCA80865}"
EndProject
Global
	GlobalSection(SolutionConfigurationPlatforms) = preSolution
		Debug|Any CPU = Debug|Any CPU
		Release|Any CPU = Release|Any CPU
	EndGlobalSection
	GlobalSection(ProjectConfigurationPlatforms) = postSolution
		{218B9920-B5C8-4665-A552-C9C0DCA80865}.Debug|Any CPU.ActiveCfg = Debug|Any CPU
		{218B9920-B5C8-4665-A552-C9C0DCA80865}.Debug|Any CPU.Build.0 = Debug|Any CPU
		{218B9920-B5C8-4665-A552-C9C0DCA80865}.Release|Any CPU.ActiveCfg = Release|Any CPU
		{218B9920-B5C8-4665-A552-C9C0DCA80865}.Release|Any CPU.Build.0 = Release|Any CPU
	EndGlobalSection
	GlobalSection(SolutionProperties) = preSolution
		HideSolutionNode = FALSE
	EndGlobalSection
	GlobalSection(ExtensibilityGlobals) = postSolution
		SolutionGuid = {09FE9A1C-94A1-4512-BE05-F858268D8651}
	EndGlobalSection
EndGlobal
